
Microsoft Visual Studio Solution File, Format Version 12.00
# Visual Studio Version 16
VisualStudioVersion = 16.0.29306.81
MinimumVisualStudioVersion = 10.0.40219.1
Project("{9A19103F-16F7-4668-BE54-9A1E7A4F7556}") = "Edi.Captcha", "Edi.Captcha\Edi.Captcha.csproj", "{7B788977-1DA7-4E79-BAEC-2EA433EC41D8}"
EndProject
Project("{9A19103F-16F7-4668-BE54-9A1E7A4F7556}") = "Edi.Captcha.SampleApp", "Edi.Captcha.SampleApp\Edi.Captcha.SampleApp.csproj", "{B6A0EABD-0A08-4AEA-8E15-EA0FAEACCF71}"
EndProject
Project("{2150E333-8FDC-42A3-9474-1A3956D46DE8}") = "Solution Items", "Solution Items", "{7578513E-850B-496A-A70C-BBB19ADDCC8E}"
	ProjectSection(SolutionItems) = preProject
		..\.gitattributes = ..\.gitattributes
		..\.gitignore = ..\.gitignore
		..\LICENSE = ..\LICENSE
		..\README.md = ..\README.md
	EndProjectSection
EndProject
Global
	GlobalSection(SolutionConfigurationPlatforms) = preSolution
		Debug|Any CPU = Debug|Any CPU
		Release|Any CPU = Release|Any CPU
	EndGlobalSection
	GlobalSection(ProjectConfigurationPlatforms) = postSolution
		{7B788977-1DA7-4E79-BAEC-2EA433EC41D8}.Debug|Any CPU.ActiveCfg = Debug|Any CPU
		{7B788977-1DA7-4E79-BAEC-2EA433EC41D8}.Debug|Any CPU.Build.0 = Debug|Any CPU
		{7B788977-1DA7-4E79-BAEC-2EA433EC41D8}.Release|Any CPU.ActiveCfg = Release|Any CPU
		{7B788977-1DA7-4E79-BAEC-2EA433EC41D8}.Release|Any CPU.Build.0 = Release|Any CPU
		{B6A0EABD-0A08-4AEA-8E15-EA0FAEACCF71}.Debug|Any CPU.ActiveCfg = Debug|Any CPU
		{B6A0EABD-0A08-4AEA-8E15-EA0FAEACCF71}.Debug|Any CPU.Build.0 = Debug|Any CPU
		{B6A0EABD-0A08-4AEA-8E15-EA0FAEACCF71}.Release|Any CPU.ActiveCfg = Release|Any CPU
		{B6A0EABD-0A08-4AEA-8E15-EA0FAEACCF71}.Release|Any CPU.Build.0 = Release|Any CPU
	EndGlobalSection
	GlobalSection(SolutionProperties) = preSolution
		HideSolutionNode = FALSE
	EndGlobalSection
	GlobalSection(ExtensibilityGlobals) = postSolution
		SolutionGuid = {26FCB27A-551F-4C5B-B3EB-30B4BB89FCD9}
	EndGlobalSection
EndGlobal
